{
  "version": 4,
  "terraform_version": "1.5.7",
  "serial": 4,
  "lineage": "14fe1e7d-7f82-f0be-9551-f708032c5a06",
  "outputs": {
    "aws_region": {
      "value": "ap-northeast-1",
      "type": "string"
    },
    "cognito_user_pool_client_id": {
      "value": "4p17bb1d5drklgkk8hngfmm93c",
      "type": "string"
    },
    "cognito_user_pool_id": {
      "value": "ap-northeast-1_hc9XHw5Xz",
      "type": "string"
    }
  },
  "resources": [
    {
      "mode": "managed",
      "type": "aws_cognito_user_pool",
      "name": "main",
      "provider": "provider[\"registry.terraform.io/hashicorp/aws\"]",
      "instances": [
        {
          "schema_version": 0,
          "attributes": {
            "account_recovery_setting": [
              {
                "recovery_mechanism": [
                  {
                    "name": "verified_email",
                    "priority": 1
                  },
                  {
                    "name": "verified_phone_number",
                    "priority": 2
                  }
                ]
              }
            ],
            "admin_create_user_config": [
              {
                "allow_admin_create_user_only": false,
                "invite_message_template": []
              }
            ],
            "alias_attributes": null,
            "arn": "arn:aws:cognito-idp:ap-northeast-1:689546299872:userpool/ap-northeast-1_hc9XHw5Xz",
            "auto_verified_attributes": [
              "email"
            ],
            "creation_date": "2026-03-11T10:01:38Z",
            "custom_domain": "",
            "deletion_protection": "INACTIVE",
            "device_configuration": [],
            "domain": "",
            "email_configuration": [
              {
                "configuration_set": "",
                "email_sending_account": "COGNITO_DEFAULT",
                "from_email_address": "",
                "reply_to_email_address": "",
                "source_arn": ""
              }
            ],
            "email_mfa_configuration": [],
            "email_verification_message": "確認コード: {####}",
            "email_verification_subject": "【釣りアプリ】メールアドレスの確認",
            "endpoint": "cognito-idp.ap-northeast-1.amazonaws.com/ap-northeast-1_hc9XHw5Xz",
            "estimated_number_of_users": 0,
            "id": "ap-northeast-1_hc9XHw5Xz",
            "lambda_config": [],
            "last_modified_date": "2026-03-11T10:01:38Z",
            "mfa_configuration": "OFF",
            "name": "fishing-app-user-pool",
            "password_policy": [
              {
                "minimum_length": 8,
                "password_history_size": 0,
                "require_lowercase": true,
                "require_numbers": true,
                "require_symbols": false,
                "require_uppercase": true,
                "temporary_password_validity_days": 7
              }
            ],
            "schema": [
              {
                "attribute_data_type": "String",
                "developer_only_attribute": null,
                "mutable": true,
                "name": "email",
                "number_attribute_constraints": [],
                "required": true,
                "string_attribute_constraints": []
              }
            ],
            "sign_in_policy": [
              {
                "allowed_first_auth_factors": [
                  "PASSWORD"
                ]
              }
            ],
            "sms_authentication_message": "",
            "sms_configuration": [],
            "sms_verification_message": "",
            "software_token_mfa_configuration": [],
            "tags": {
              "App": "fishing-app"
            },
            "tags_all": {
              "App": "fishing-app"
            },
            "user_attribute_update_settings": [],
            "user_pool_add_ons": [],
            "user_pool_tier": "ESSENTIALS",
            "username_attributes": [
              "email"
            ],
            "username_configuration": [],
            "verification_message_template": [
              {
                "default_email_option": "CONFIRM_WITH_CODE",
                "email_message": "確認コード: {####}",
                "email_message_by_link": "",
                "email_subject": "【釣りアプリ】メールアドレスの確認",
                "email_subject_by_link": "",
                "sms_message": ""
              }
            ],
            "web_authn_configuration": []
          },
          "sensitive_attributes": [],
          "private": "bnVsbA=="
        }
      ]
    },
    {
      "mode": "managed",
      "type": "aws_cognito_user_pool_client",
      "name": "main",
      "provider": "provider[\"registry.terraform.io/hashicorp/aws\"]",
      "instances": [
        {
          "schema_version": 0,
          "attributes": {
            "access_token_validity": 1,
            "allowed_oauth_flows": [],
            "allowed_oauth_flows_user_pool_client": false,
            "allowed_oauth_scopes": [],
            "analytics_configuration": [],
            "auth_session_validity": 3,
            "callback_urls": [],
            "client_secret": "",
            "default_redirect_uri": "",
            "enable_propagate_additional_user_context_data": false,
            "enable_token_revocation": true,
            "explicit_auth_flows": [
              "ALLOW_REFRESH_TOKEN_AUTH",
              "ALLOW_USER_SRP_AUTH"
            ],
            "generate_secret": false,
            "id": "4p17bb1d5drklgkk8hngfmm93c",
            "id_token_validity": 1,
            "logout_urls": [],
            "name": "fishing-app-client",
            "prevent_user_existence_errors": "",
            "read_attributes": [],
            "refresh_token_rotation": [],
            "refresh_token_validity": 30,
            "supported_identity_providers": [],
            "token_validity_units": [
              {
                "access_token": "hours",
                "id_token": "hours",
                "refresh_token": "days"
              }
            ],
            "user_pool_id": "ap-northeast-1_hc9XHw5Xz",
            "write_attributes": []
          },
          "sensitive_attributes": [],
          "dependencies": [
            "aws_cognito_user_pool.main"
          ]
        }
      ]
    }
  ],
  "check_results": null
}
